// !$*UTF8*$!
{
	archiveVersion = 1;
	classes = {
	};
	objectVersion = 48;
	objects = {

/* Begin PBXBuildFile section */
		A01CA8931F277C3200B296E7 /* AppDelegate.m in Sources */ = {isa = PBXBuildFile; fileRef = A01CA8921F277C3200B296E7 /* AppDelegate.m */; };
		A01CA8961F277C3200B296E7 /* ViewController.m in Sources */ = {isa = PBXBuildFile; fileRef = A01CA8951F277C3200B296E7 /* ViewController.m */; };
		A01CA8981F277C3200B296E7 /* Assets.xcassets in Resources */ = {isa = PBXBuildFile; fileRef = A01CA8971F277C3200B296E7 /* Assets.xcassets */; };
		A01CA89B1F277C3200B296E7 /* Main.storyboard in Resources */ = {isa = PBXBuildFile; fileRef = A01CA8991F277C3200B296E7 /* Main.storyboard */; };
		A01CA89E1F277C3200B296E7 /* main.m in Sources */ = {isa = PBXBuildFile; fileRef = A01CA89D1F277C3200B296E7 /* main.m */; };
/* End PBXBuildFile section */

/* Begin PBXFileReference section */
		A01CA88E1F277C3200B296E7 /* Accessibility Focus.app */ = {isa = PBXFileReference; explicitFileType = wrapper.application; includeInIndex = 0; path = "Accessibility Focus.app"; sourceTree = BUILT_PRODUCTS_DIR; };
		A01CA8911F277C3200B296E7 /* AppDelegate.h */ = {isa = PBXFileReference; lastKnownFileType = sourcecode.c.h; path = AppDelegate.h; sourceTree = "<group>"; };
		A01CA8921F277C3200B296E7 /* AppDelegate.m */ = {isa = PBXFileReference; lastKnownFileType = sourcecode.c.objc; path = AppDelegate.m; sourceTree = "<group>"; };
		A01CA8941F277C3200B296E7 /* ViewController.h */ = {isa = PBXFileReference; lastKnownFileType = sourcecode.c.h; path = ViewController.h; sourceTree = "<group>"; };
		A01CA8951F277C3200B296E7 /* ViewController.m */ = {isa = PBXFileReference; lastKnownFileType = sourcecode.c.objc; path = ViewController.m; sourceTree = "<group>"; };
		A01CA8971F277C3200B296E7 /* Assets.xcassets */ = {isa = PBXFileReference; lastKnownFileType = folder.assetcatalog; path = Assets.xcassets; sourceTree = "<group>"; };
		A01CA89A1F277C3200B296E7 /* Base */ = {isa = PBXFileReference; lastKnownFileType = file.storyboard; name = Base; path = Base.lproj/Main.storyboard; sourceTree = "<group>"; };
		A01CA89C1F277C3200B296E7 /* Info.plist */ = {isa = PBXFileReference; lastKnownFileType = text.plist.xml; path = Info.plist; sourceTree = "<group>"; };
		A01CA89D1F277C3200B296E7 /* main.m */ = {isa = PBXFileReference; lastKnownFileType = sourcecode.c.objc; path = main.m; sourceTree = "<group>"; };
		A01CA89F1F277C3200B296E7 /* Accessibility_Focus.entitlements */ = {isa = PBXFileReference; lastKnownFileType = text.plist.entitlements; path = Accessibility_Focus.entitlements; sourceTree = "<group>"; };
/* End PBXFileReference section */

/* Begin PBXFrameworksBuildPhase section */
		A01CA88B1F277C3200B296E7 /* Frameworks */ = {
			isa = PBXFrameworksBuildPhase;
			buildActionMask = 2147483647;
			files = (
			);
			runOnlyForDeploymentPostprocessing = 0;
		};
/* End PBXFrameworksBuildPhase section */

/* Begin PBXGroup section */
		A01CA8851F277C3200B296E7 = {
			isa = PBXGroup;
			children = (
				A01CA8901F277C3200B296E7 /* Accessibility Focus */,
				A01CA88F1F277C3200B296E7 /* Products */,
			);
			sourceTree = "<group>";
		};
		A01CA88F1F277C3200B296E7 /* Products */ = {
			isa = PBXGroup;
			children = (
				A01CA88E1F277C3200B296E7 /* Accessibility Focus.app */,
			);
			name = Products;
			sourceTree = "<group>";
		};
		A01CA8901F277C3200B296E7 /* Accessibility Focus */ = {
			isa = PBXGroup;
			children = (
				A01CA8911F277C3200B296E7 /* AppDelegate.h */,
				A01CA8921F277C3200B296E7 /* AppDelegate.m */,
				A01CA8941F277C3200B296E7 /* ViewController.h */,
				A01CA8951F277C3200B296E7 /* ViewController.m */,
				A01CA8971F277C3200B296E7 /* Assets.xcassets */,
				A01CA8991F277C3200B296E7 /* Main.storyboard */,
				A01CA89C1F277C3200B296E7 /* Info.plist */,
				A01CA89D1F277C3200B296E7 /* main.m */,
				A01CA89F1F277C3200B296E7 /* Accessibility_Focus.entitlements */,
			);
			path = "Accessibility Focus";
			sourceTree = "<group>";
		};
/* End PBXGroup section */

/* Begin PBXNativeTarget section */
		A01CA88D1F277C3200B296E7 /* Accessibility Focus */ = {
			isa = PBXNativeTarget;
			buildConfigurationList = A01CA8A21F277C3200B296E7 /* Build configuration list for PBXNativeTarget "Accessibility Focus" */;
			buildPhases = (
				A01CA88A1F277C3200B296E7 /* Sources */,
				A01CA88B1F277C3200B296E7 /* Frameworks */,
				A01CA88C1F277C3200B296E7 /* Resources */,
			);
			buildRules = (
			);
			dependencies = (
			);
			name = "Accessibility Focus";
			productName = "Accessibility Focus";
			productReference = A01CA88E1F277C3200B296E7 /* Accessibility Focus.app */;
			productType = "com.apple.product-type.application";
		};
/* End PBXNativeTarget section */

/* Begin PBXProject section */
		A01CA8861F277C3200B296E7 /* Project object */ = {
			isa = PBXProject;
			attributes = {
				LastUpgradeCheck = 0900;
				ORGANIZATIONNAME = "Lucas Hauswald";
				TargetAttributes = {
					A01CA88D1F277C3200B296E7 = {
						CreatedOnToolsVersion = 9.0;
					};
				};
			};
			buildConfigurationList = A01CA8891F277C3200B296E7 /* Build configuration list for PBXProject "Accessibility Focus" */;
			compatibilityVersion = "Xcode 8.0";
			developmentRegion = en;
			hasScannedForEncodings = 0;
			knownRegions = (
				en,
				Base,
			);
			mainGroup = A01CA8851F277C3200B296E7;
			productRefGroup = A01CA88F1F277C3200B296E7 /* Products */;
			projectDirPath = "";
			projectRoot = "";
			targets = (
				A01CA88D1F277C3200B296E7 /* Accessibility Focus */,
			);
		};
/* End PBXProject section */

/* Begin PBXResourcesBuildPhase section */
		A01CA88C1F277C3200B296E7 /* Resources */ = {
			isa = PBXResourcesBuildPhase;
			buildActionMask = 2147483647;
			files = (
				A01CA8981F277C3200B296E7 /* Assets.xcassets in Resources */,
				A01CA89B1F277C3200B296E7 /* Main.storyboard in Resources */,
			);
			runOnlyForDeploymentPostprocessing = 0;
		};
/* End PBXResourcesBuildPhase section */

/* Begin PBXSourcesBuildPhase section */
		A01CA88A1F277C3200B296E7 /* Sources */ = {
			isa = PBXSourcesBuildPhase;
			buildActionMask = 2147483647;
			files = (
				A01CA8961F277C3200B296E7 /* ViewController.m in Sources */,
				A01CA89E1F277C3200B296E7 /* main.m in Sources */,
				A01CA8931F277C3200B296E7 /* AppDelegate.m in Sources */,
			);
			runOnlyForDeploymentPostprocessing = 0;
		};
/* End PBXSourcesBuildPhase section */

/* Begin PBXVariantGroup section */
		A01CA8991F277C3200B296E7 /* Main.storyboard */ = {
			isa = PBXVariantGroup;
			children = (
				A01CA89A1F277C3200B296E7 /* Base */,
			);
			name = Main.storyboard;
			sourceTree = "<group>";
		};
/* End PBXVariantGroup section */

/* Begin XCBuildConfiguration section */
		A01CA8A01F277C3200B296E7 /* Debug */ = {
			isa = XCBuildConfiguration;
			buildSettings = {
				ALWAYS_SEARCH_USER_PATHS = NO;
				CLANG_ANALYZER_NONNULL = YES;
				CLANG_ANALYZER_NUMBER_OBJECT_CONVERSION = YES_AGGRESSIVE;
				CLANG_CXX_LANGUAGE_STANDARD = "gnu++14";
				CLANG_CXX_LIBRARY = "libc++";
				CLANG_ENABLE_MODULES = YES;
				CLANG_ENABLE_OBJC_ARC = YES;
				CLANG_WARN_BLOCK_CAPTURE_AUTORELEASING = YES;
				CLANG_WARN_BOOL_CONVERSION = YES;
				CLANG_WARN_COMMA = YES;
				CLANG_WARN_CONSTANT_CONVERSION = YES;
				CLANG_WARN_DIRECT_OBJC_ISA_USAGE = YES_ERROR;
				CLANG_WARN_DOCUMENTATION_COMMENTS = YES;
				CLANG_WARN_EMPTY_BODY = YES;
				CLANG_WARN_ENUM_CONVERSION = YES;
				CLANG_WARN_INFINITE_RECURSION = YES;
				CLANG_WARN_INT_CONVERSION = YES;
				CLANG_WARN_NON_LITERAL_NULL_CONVERSION = YES;
				CLANG_WARN_OBJC_LITERAL_CONVERSION = YES;
				CLANG_WARN_OBJC_ROOT_CLASS = YES_ERROR;
				CLANG_WARN_RANGE_LOOP_ANALYSIS = YES;
				CLANG_WARN_STRICT_PROTOTYPES = YES;
				CLANG_WARN_SUSPICIOUS_MOVE = YES;
				CLANG_WARN_UNGUARDED_AVAILABILITY = YES_AGGRESSIVE;
				CLANG_WARN_UNREACHABLE_CODE = YES;
				CLANG_WARN__DUPLICATE_METHOD_MATCH = YES;
				CODE_SIGN_IDENTITY = "-";
				COPY_PHASE_STRIP = NO;
				DEBUG_INFORMATION_FORMAT = dwarf;
				ENABLE_STRICT_OBJC_MSGSEND = YES;
				ENABLE_TESTABILITY = YES;
				GCC_C_LANGUAGE_STANDARD = gnu11;
				GCC_DYNAMIC_NO_PIC = NO;
				GCC_NO_COMMON_BLOCKS = YES;
				GCC_OPTIMIZATION_LEVEL = 0;
				GCC_PREPROCESSOR_DEFINITIONS = (
					"DEBUG=1",
					"$(inherited)",
				);
				GCC_WARN_64_TO_32_BIT_CONVERSION = YES;
				GCC_WARN_ABOUT_RETURN_TYPE = YES_ERROR;
				GCC_WARN_UNDECLARED_SELECTOR = YES;
				GCC_WARN_UNINITIALIZED_AUTOS = YES_AGGRESSIVE;
				GCC_WARN_UNUSED_FUNCTION = YES;
				GCC_WARN_UNUSED_VARIABLE = YES;
				MACOSX_DEPLOYMENT_TARGET = 10.13;
				MTL_ENABLE_DEBUG_INFO = YES;
				ONLY_ACTIVE_ARCH = YES;
				SDKROOT = macosx;
			};
			name = Debug;
		};
		A01CA8A11F277C3200B296E7 /* Release */ = {
			isa = XCBuildConfiguration;
			buildSettings = {
				ALWAYS_SEARCH_USER_PATHS = NO;
				CLANG_ANALYZER_NONNULL = YES;
				CLANG_ANALYZER_NUMBER_OBJECT_CONVERSION = YES_AGGRESSIVE;
				CLANG_CXX_LANGUAGE_STANDARD = "gnu++14";
				CLANG_CXX_LIBRARY = "libc++";
				CLANG_ENABLE_MODULES = YES;
				CLANG_ENABLE_OBJC_ARC = YES;
				CLANG_WARN_BLOCK_CAPTURE_AUTORELEASING = YES;
				CLANG_WARN_BOOL_CONVERSION = YES;
				CLANG_WARN_COMMA = YES;
				CLANG_WARN_CONSTANT_CONVERSION = YES;
				CLANG_WARN_DIRECT_OBJC_ISA_USAGE = YES_ERROR;
				CLANG_WARN_DOCUMENTATION_COMMENTS = YES;
				CLANG_WARN_EMPTY_BODY = YES;
				CLANG_WARN_ENUM_CONVERSION = YES;
				CLANG_WARN_INFINITE_RECURSION = YES;
				CLANG_WARN_INT_CONVERSION = YES;
				CLANG_WARN_NON_LITERAL_NULL_CONVERSION = YES;
				CLANG_WARN_OBJC_LITERAL_CONVERSION = YES;
				CLANG_WARN_OBJC_ROOT_CLASS = YES_ERROR;
				CLANG_WARN_RANGE_LOOP_ANALYSIS = YES;
				CLANG_WARN_STRICT_PROTOTYPES = YES;
				CLANG_WARN_SUSPICIOUS_MOVE = YES;
				CLANG_WARN_UNGUARDED_AVAILABILITY = YES_AGGRESSIVE;
				CLANG_WARN_UNREACHABLE_CODE = YES;
				CLANG_WARN__DUPLICATE_METHOD_MATCH = YES;
				CODE_SIGN_IDENTITY = "-";
				COPY_PHASE_STRIP = NO;
				DEBUG_INFORMATION_FORMAT = "dwarf-with-dsym";
				ENABLE_NS_ASSERTIONS = NO;
				ENABLE_STRICT_OBJC_MSGSEND = YES;
				GCC_C_LANGUAGE_STANDARD = gnu11;
				GCC_NO_COMMON_BLOCKS = YES;
				GCC_WARN_64_TO_32_BIT_CONVERSION = YES;
				GCC_WARN_ABOUT_RETURN_TYPE = YES_ERROR;
				GCC_WARN_UNDECLARED_SELECTOR = YES;
				GCC_WARN_UNINITIALIZED_AUTOS = YES_AGGRESSIVE;
				GCC_WARN_UNUSED_FUNCTION = YES;
				GCC_WARN_UNUSED_VARIABLE = YES;
				MACOSX_DEPLOYMENT_TARGET = 10.13;
				MTL_ENABLE_DEBUG_INFO = NO;
				SDKROOT = macosx;
			};
			name = Release;
		};
		A01CA8A31F277C3200B296E7 /* Debug */ = {
			isa = XCBuildConfiguration;
			buildSettings = {
				ASSETCATALOG_COMPILER_APPICON_NAME = AppIcon;
				CODE_SIGN_ENTITLEMENTS = "Accessibility Focus/Accessibility_Focus.entitlements";
				COMBINE_HIDPI_IMAGES = YES;
				INFOPLIST_FILE = "Accessibility Focus/Info.plist";
				LD_RUNPATH_SEARCH_PATHS = "$(inherited) @executable_path/../Frameworks";
				PRODUCT_BUNDLE_IDENTIFIER = "de.peporal.Accessibility-Focus";
				PRODUCT_NAME = "$(TARGET_NAME)";
			};
			name = Debug;
		};
		A01CA8A41F277C3200B296E7 /* Release */ = {
			isa = XCBuildConfiguration;
			buildSettings = {
				ASSETCATALOG_COMPILER_APPICON_NAME = AppIcon;
				CODE_SIGN_ENTITLEMENTS = "Accessibility Focus/Accessibility_Focus.entitlements";
				COMBINE_HIDPI_IMAGES = YES;
				INFOPLIST_FILE = "Accessibility Focus/Info.plist";
				LD_RUNPATH_SEARCH_PATHS = "$(inherited) @executable_path/../Frameworks";
				PRODUCT_BUNDLE_IDENTIFIER = "de.peporal.Accessibility-Focus";
				PRODUCT_NAME = "$(TARGET_NAME)";
			};
			name = Release;
		};
/* End XCBuildConfiguration section */

/* Begin XCConfigurationList section */
		A01CA8891F277C3200B296E7 /* Build configuration list for PBXProject "Accessibility Focus" */ = {
			isa = XCConfigurationList;
			buildConfigurations = (
				A01CA8A01F277C3200B296E7 /* Debug */,
				A01CA8A11F277C3200B296E7 /* Release */,
			);
			defaultConfigurationIsVisible = 0;
			defaultConfigurationName = Release;
		};
		A01CA8A21F277C3200B296E7 /* Build configuration list for PBXNativeTarget "Accessibility Focus" */ = {
			isa = XCConfigurationList;
			buildConfigurations = (
				A01CA8A31F277C3200B296E7 /* Debug */,
				A01CA8A41F277C3200B296E7 /* Release */,
			);
			defaultConfigurationIsVisible = 0;
			defaultConfigurationName = Release;
		};
/* End XCConfigurationList section */
	};
	rootObject = A01CA8861F277C3200B296E7 /* Project object */;
}
